// !$*UTF8*$!
{
	archiveVersion = 1;
	classes = {
	};
	objectVersion = 46;
	objects = {

/* Begin PBXBuildFile section */
		512C56621C635F0C0015F2DB /* AppDelegate.swift in Sources */ = {isa = PBXBuildFile; fileRef = 512C56611C635F0C0015F2DB /* AppDelegate.swift */; };
		512C56641C635F0C0015F2DB /* SearchViewController.swift in Sources */ = {isa = PBXBuildFile; fileRef = 512C56631C635F0C0015F2DB /* SearchViewController.swift */; };
		512C56671C635F0C0015F2DB /* Main.storyboard in Resources */ = {isa = PBXBuildFile; fileRef = 512C56651C635F0C0015F2DB /* Main.storyboard */; };
		512C56691C635F0C0015F2DB /* Assets.xcassets in Resources */ = {isa = PBXBuildFile; fileRef = 512C56681C635F0C0015F2DB /* Assets.xcassets */; };
		51532AE11C63AA9B00F5450D /* SearchResult.swift in Sources */ = {isa = PBXBuildFile; fileRef = 51532AE01C63AA9B00F5450D /* SearchResult.swift */; };
		51532AE31C646DE900F5450D /* SearchResultCell.xib in Resources */ = {isa = PBXBuildFile; fileRef = 51532AE21C646DE900F5450D /* SearchResultCell.xib */; };
		51532AE51C64CAAA00F5450D /* SearchResultCell.swift in Sources */ = {isa = PBXBuildFile; fileRef = 51532AE41C64CAAA00F5450D /* SearchResultCell.swift */; };
		51532AE71C64CD6E00F5450D /* NothingFoundCell.xib in Resources */ = {isa = PBXBuildFile; fileRef = 51532AE61C64CD6E00F5450D /* NothingFoundCell.xib */; };
		5174B0581C6882C600CC67BA /* UIColor+AppTintColots.swift in Sources */ = {isa = PBXBuildFile; fileRef = 5174B0571C6882C600CC67BA /* UIColor+AppTintColots.swift */; };
		5174B05A1C68BA5A00CC67BA /* LoadingCell.xib in Resources */ = {isa = PBXBuildFile; fileRef = 5174B0591C68BA5A00CC67BA /* LoadingCell.xib */; };
		5174B05C1C68F06400CC67BA /* UIImageView+DownloadImage.swift in Sources */ = {isa = PBXBuildFile; fileRef = 5174B05B1C68F06400CC67BA /* UIImageView+DownloadImage.swift */; };
		5174B05E1C69191C00CC67BA /* DetailViewController.swift in Sources */ = {isa = PBXBuildFile; fileRef = 5174B05D1C69191C00CC67BA /* DetailViewController.swift */; };
		5174B0611C691AB900CC67BA /* DimmingPresentationController.swift in Sources */ = {isa = PBXBuildFile; fileRef = 5174B0601C691AB900CC67BA /* DimmingPresentationController.swift */; };
/* End PBXBuildFile section */

/* Begin PBXFileReference section */
		512C565E1C635F0C0015F2DB /* StoreSearch.app */ = {isa = PBXFileReference; explicitFileType = wrapper.application; includeInIndex = 0; path = StoreSearch.app; sourceTree = BUILT_PRODUCTS_DIR; };
		512C56611C635F0C0015F2DB /* AppDelegate.swift */ = {isa = PBXFileReference; lastKnownFileType = sourcecode.swift; path = AppDelegate.swift; sourceTree = "<group>"; };
		512C56631C635F0C0015F2DB /* SearchViewController.swift */ = {isa = PBXFileReference; lastKnownFileType = sourcecode.swift; path = SearchViewController.swift; sourceTree = "<group>"; };
		512C56661C635F0C0015F2DB /* Base */ = {isa = PBXFileReference; lastKnownFileType = file.storyboard; name = Base; path = Base.lproj/Main.storyboard; sourceTree = "<group>"; };
		512C56681C635F0C0015F2DB /* Assets.xcassets */ = {isa = PBXFileReference; lastKnownFileType = folder.assetcatalog; path = Assets.xcassets; sourceTree = "<group>"; };
		512C566D1C635F0C0015F2DB /* Info.plist */ = {isa = PBXFileReference; lastKnownFileType = text.plist.xml; path = Info.plist; sourceTree = "<group>"; };
		51532AE01C63AA9B00F5450D /* SearchResult.swift */ = {isa = PBXFileReference; fileEncoding = 4; lastKnownFileType = sourcecode.swift; path = SearchResult.swift; sourceTree = "<group>"; };
		51532AE21C646DE900F5450D /* SearchResultCell.xib */ = {isa = PBXFileReference; fileEncoding = 4; lastKnownFileType = file.xib; path = SearchResultCell.xib; sourceTree = "<group>"; };
		51532AE41C64CAAA00F5450D /* SearchResultCell.swift */ = {isa = PBXFileReference; fileEncoding = 4; lastKnownFileType = sourcecode.swift; path = SearchResultCell.swift; sourceTree = "<group>"; };
		51532AE61C64CD6E00F5450D /* NothingFoundCell.xib */ = {isa = PBXFileReference; fileEncoding = 4; lastKnownFileType = file.xib; path = NothingFoundCell.xib; sourceTree = "<group>"; };
		5174B0571C6882C600CC67BA /* UIColor+AppTintColots.swift */ = {isa = PBXFileReference; fileEncoding = 4; lastKnownFileType = sourcecode.swift; path = "UIColor+AppTintColots.swift"; sourceTree = "<group>"; };
		5174B0591C68BA5A00CC67BA /* LoadingCell.xib */ = {isa = PBXFileReference; fileEncoding = 4; lastKnownFileType = file.xib; path = LoadingCell.xib; sourceTree = "<group>"; };
		5174B05B1C68F06400CC67BA /* UIImageView+DownloadImage.swift */ = {isa = PBXFileReference; fileEncoding = 4; lastKnownFileType = sourcecode.swift; path = "UIImageView+DownloadImage.swift"; sourceTree = "<group>"; };
		5174B05D1C69191C00CC67BA /* DetailViewController.swift */ = {isa = PBXFileReference; fileEncoding = 4; lastKnownFileType = sourcecode.swift; path = DetailViewController.swift; sourceTree = "<group>"; };
		5174B0601C691AB900CC67BA /* DimmingPresentationController.swift */ = {isa = PBXFileReference; fileEncoding = 4; lastKnownFileType = sourcecode.swift; path = DimmingPresentationController.swift; sourceTree = "<group>"; };
/* End PBXFileReference section */

/* Begin PBXFrameworksBuildPhase section */
		512C565B1C635F0C0015F2DB /* Frameworks */ = {
			isa = PBXFrameworksBuildPhase;
			buildActionMask = 2147483647;
			files = (
			);
			runOnlyForDeploymentPostprocessing = 0;
		};
/* End PBXFrameworksBuildPhase section */

/* Begin PBXGroup section */
		512C56551C635F0C0015F2DB = {
			isa = PBXGroup;
			children = (
				512C56601C635F0C0015F2DB /* StoreSearch */,
				512C565F1C635F0C0015F2DB /* Products */,
			);
			sourceTree = "<group>";
		};
		512C565F1C635F0C0015F2DB /* Products */ = {
			isa = PBXGroup;
			children = (
				512C565E1C635F0C0015F2DB /* StoreSearch.app */,
			);
			name = Products;
			sourceTree = "<group>";
		};
		512C56601C635F0C0015F2DB /* StoreSearch */ = {
			isa = PBXGroup;
			children = (
				5174B0561C68829B00CC67BA /* Utils */,
				512C56751C6360160015F2DB /* Controller */,
				512C56741C63600F0015F2DB /* View */,
				512C56731C6360080015F2DB /* Model */,
				512C56611C635F0C0015F2DB /* AppDelegate.swift */,
				512C56651C635F0C0015F2DB /* Main.storyboard */,
				512C56681C635F0C0015F2DB /* Assets.xcassets */,
				512C566D1C635F0C0015F2DB /* Info.plist */,
			);
			path = StoreSearch;
			sourceTree = "<group>";
		};
		512C56731C6360080015F2DB /* Model */ = {
			isa = PBXGroup;
			children = (
				51532AE01C63AA9B00F5450D /* SearchResult.swift */,
			);
			name = Model;
			sourceTree = "<group>";
		};
		512C56741C63600F0015F2DB /* View */ = {
			isa = PBXGroup;
			children = (
				51532AE21C646DE900F5450D /* SearchResultCell.xib */,
				51532AE61C64CD6E00F5450D /* NothingFoundCell.xib */,
				51532AE41C64CAAA00F5450D /* SearchResultCell.swift */,
				5174B0591C68BA5A00CC67BA /* LoadingCell.xib */,
			);
			name = View;
			sourceTree = "<group>";
		};
		512C56751C6360160015F2DB /* Controller */ = {
			isa = PBXGroup;
			children = (
				5174B05F1C691AA900CC67BA /* TransitionControllers */,
				512C56631C635F0C0015F2DB /* SearchViewController.swift */,
				5174B05D1C69191C00CC67BA /* DetailViewController.swift */,
			);
			name = Controller;
			sourceTree = "<group>";
		};
		5174B0561C68829B00CC67BA /* Utils */ = {
			isa = PBXGroup;
			children = (
				5174B0571C6882C600CC67BA /* UIColor+AppTintColots.swift */,
				5174B05B1C68F06400CC67BA /* UIImageView+DownloadImage.swift */,
			);
			name = Utils;
			sourceTree = "<group>";
		};
		5174B05F1C691AA900CC67BA /* TransitionControllers */ = {
			isa = PBXGroup;
			children = (
				5174B0601C691AB900CC67BA /* DimmingPresentationController.swift */,
			);
			name = TransitionControllers;
			sourceTree = "<group>";
		};
/* End PBXGroup section */

/* Begin PBXNativeTarget section */
		512C565D1C635F0C0015F2DB /* StoreSearch */ = {
			isa = PBXNativeTarget;
			buildConfigurationList = 512C56701C635F0C0015F2DB /* Build configuration list for PBXNativeTarget "StoreSearch" */;
			buildPhases = (
				512C565A1C635F0C0015F2DB /* Sources */,
				512C565B1C635F0C0015F2DB /* Frameworks */,
				512C565C1C635F0C0015F2DB /* Resources */,
			);
			buildRules = (
			);
			dependencies = (
			);
			name = StoreSearch;
			productName = StoreSearch;
			productReference = 512C565E1C635F0C0015F2DB /* StoreSearch.app */;
			productType = "com.apple.product-type.application";
		};
/* End PBXNativeTarget section */

/* Begin PBXProject section */
		512C56561C635F0C0015F2DB /* Project object */ = {
			isa = PBXProject;
			attributes = {
				LastSwiftUpdateCheck = 0720;
				LastUpgradeCheck = 0720;
				ORGANIZATIONNAME = "Vasiliy Kotsiuba";
				TargetAttributes = {
					512C565D1C635F0C0015F2DB = {
						CreatedOnToolsVersion = 7.2;
					};
				};
			};
			buildConfigurationList = 512C56591C635F0C0015F2DB /* Build configuration list for PBXProject "StoreSearch" */;
			compatibilityVersion = "Xcode 3.2";
			developmentRegion = English;
			hasScannedForEncodings = 0;
			knownRegions = (
				en,
				Base,
			);
			mainGroup = 512C56551C635F0C0015F2DB;
			productRefGroup = 512C565F1C635F0C0015F2DB /* Products */;
			projectDirPath = "";
			projectRoot = "";
			targets = (
				512C565D1C635F0C0015F2DB /* StoreSearch */,
			);
		};
/* End PBXProject section */

/* Begin PBXResourcesBuildPhase section */
		512C565C1C635F0C0015F2DB /* Resources */ = {
			isa = PBXResourcesBuildPhase;
			buildActionMask = 2147483647;
			files = (
				512C56691C635F0C0015F2DB /* Assets.xcassets in Resources */,
				5174B05A1C68BA5A00CC67BA /* LoadingCell.xib in Resources */,
				51532AE31C646DE900F5450D /* SearchResultCell.xib in Resources */,
				51532AE71C64CD6E00F5450D /* NothingFoundCell.xib in Resources */,
				512C56671C635F0C0015F2DB /* Main.storyboard in Resources */,
			);
			runOnlyForDeploymentPostprocessing = 0;
		};
/* End PBXResourcesBuildPhase section */

/* Begin PBXSourcesBuildPhase section */
		512C565A1C635F0C0015F2DB /* Sources */ = {
			isa = PBXSourcesBuildPhase;
			buildActionMask = 2147483647;
			files = (
				512C56641C635F0C0015F2DB /* SearchViewController.swift in Sources */,
				51532AE11C63AA9B00F5450D /* SearchResult.swift in Sources */,
				5174B05C1C68F06400CC67BA /* UIImageView+DownloadImage.swift in Sources */,
				5174B0611C691AB900CC67BA /* DimmingPresentationController.swift in Sources */,
				51532AE51C64CAAA00F5450D /* SearchResultCell.swift in Sources */,
				5174B0581C6882C600CC67BA /* UIColor+AppTintColots.swift in Sources */,
				512C56621C635F0C0015F2DB /* AppDelegate.swift in Sources */,
				5174B05E1C69191C00CC67BA /* DetailViewController.swift in Sources */,
			);
			runOnlyForDeploymentPostprocessing = 0;
		};
/* End PBXSourcesBuildPhase section */

/* Begin PBXVariantGroup section */
		512C56651C635F0C0015F2DB /* Main.storyboard */ = {
			isa = PBXVariantGroup;
			children = (
				512C56661C635F0C0015F2DB /* Base */,
			);
			name = Main.storyboard;
			sourceTree = "<group>";
		};
/* End PBXVariantGroup section */

/* Begin XCBuildConfiguration section */
		512C566E1C635F0C0015F2DB /* Debug */ = {
			isa = XCBuildConfiguration;
			buildSettings = {
				ALWAYS_SEARCH_USER_PATHS = NO;
				CLANG_CXX_LANGUAGE_STANDARD = "gnu++0x";
				CLANG_CXX_LIBRARY = "libc++";
				CLANG_ENABLE_MODULES = YES;
				CLANG_ENABLE_OBJC_ARC = YES;
				CLANG_WARN_BOOL_CONVERSION = YES;
				CLANG_WARN_CONSTANT_CONVERSION = YES;
				CLANG_WARN_DIRECT_OBJC_ISA_USAGE = YES_ERROR;
				CLANG_WARN_EMPTY_BODY = YES;
				CLANG_WARN_ENUM_CONVERSION = YES;
				CLANG_WARN_INT_CONVERSION = YES;
				CLANG_WARN_OBJC_ROOT_CLASS = YES_ERROR;
				CLANG_WARN_UNREACHABLE_CODE = YES;
				CLANG_WARN__DUPLICATE_METHOD_MATCH = YES;
				"CODE_SIGN_IDENTITY[sdk=iphoneos*]" = "iPhone Developer";
				COPY_PHASE_STRIP = NO;
				DEBUG_INFORMATION_FORMAT = dwarf;
				ENABLE_STRICT_OBJC_MSGSEND = YES;
				ENABLE_TESTABILITY = YES;
				GCC_C_LANGUAGE_STANDARD = gnu99;
				GCC_DYNAMIC_NO_PIC = NO;
				GCC_NO_COMMON_BLOCKS = YES;
				GCC_OPTIMIZATION_LEVEL = 0;
				GCC_PREPROCESSOR_DEFINITIONS = (
					"DEBUG=1",
					"$(inherited)",
				);
				GCC_WARN_64_TO_32_BIT_CONVERSION = YES;
				GCC_WARN_ABOUT_RETURN_TYPE = YES_ERROR;
				GCC_WARN_UNDECLARED_SELECTOR = YES;
				GCC_WARN_UNINITIALIZED_AUTOS = YES_AGGRESSIVE;
				GCC_WARN_UNUSED_FUNCTION = YES;
				GCC_WARN_UNUSED_VARIABLE = YES;
				IPHONEOS_DEPLOYMENT_TARGET = 9.2;
				MTL_ENABLE_DEBUG_INFO = YES;
				ONLY_ACTIVE_ARCH = YES;
				SDKROOT = iphoneos;
				SWIFT_OPTIMIZATION_LEVEL = "-Onone";
			};
			name = Debug;
		};
		512C566F1C635F0C0015F2DB /* Release */ = {
			isa = XCBuildConfiguration;
			buildSettings = {
				ALWAYS_SEARCH_USER_PATHS = NO;
				CLANG_CXX_LANGUAGE_STANDARD = "gnu++0x";
				CLANG_CXX_LIBRARY = "libc++";
				CLANG_ENABLE_MODULES = YES;
				CLANG_ENABLE_OBJC_ARC = YES;
				CLANG_WARN_BOOL_CONVERSION = YES;
				CLANG_WARN_CONSTANT_CONVERSION = YES;
				CLANG_WARN_DIRECT_OBJC_ISA_USAGE = YES_ERROR;
				CLANG_WARN_EMPTY_BODY = YES;
				CLANG_WARN_ENUM_CONVERSION = YES;
				CLANG_WARN_INT_CONVERSION = YES;
				CLANG_WARN_OBJC_ROOT_CLASS = YES_ERROR;
				CLANG_WARN_UNREACHABLE_CODE = YES;
				CLANG_WARN__DUPLICATE_METHOD_MATCH = YES;
				"CODE_SIGN_IDENTITY[sdk=iphoneos*]" = "iPhone Developer";
				COPY_PHASE_STRIP = NO;
				DEBUG_INFORMATION_FORMAT = "dwarf-with-dsym";
				ENABLE_NS_ASSERTIONS = NO;
				ENABLE_STRICT_OBJC_MSGSEND = YES;
				GCC_C_LANGUAGE_STANDARD = gnu99;
				GCC_NO_COMMON_BLOCKS = YES;
				GCC_WARN_64_TO_32_BIT_CONVERSION = YES;
				GCC_WARN_ABOUT_RETURN_TYPE = YES_ERROR;
				GCC_WARN_UNDECLARED_SELECTOR = YES;
				GCC_WARN_UNINITIALIZED_AUTOS = YES_AGGRESSIVE;
				GCC_WARN_UNUSED_FUNCTION = YES;
				GCC_WARN_UNUSED_VARIABLE = YES;
				IPHONEOS_DEPLOYMENT_TARGET = 9.2;
				MTL_ENABLE_DEBUG_INFO = NO;
				SDKROOT = iphoneos;
				VALIDATE_PRODUCT = YES;
			};
			name = Release;
		};
		512C56711C635F0C0015F2DB /* Debug */ = {
			isa = XCBuildConfiguration;
			buildSettings = {
				ASSETCATALOG_COMPILER_APPICON_NAME = AppIcon;
				INFOPLIST_FILE = StoreSearch/Info.plist;
				LD_RUNPATH_SEARCH_PATHS = "$(inherited) @executable_path/Frameworks";
				PRODUCT_BUNDLE_IDENTIFIER = com.vkotsiuba.StoreSearch;
				PRODUCT_NAME = "$(TARGET_NAME)";
			};
			name = Debug;
		};
		512C56721C635F0C0015F2DB /* Release */ = {
			isa = XCBuildConfiguration;
			buildSettings = {
				ASSETCATALOG_COMPILER_APPICON_NAME = AppIcon;
				INFOPLIST_FILE = StoreSearch/Info.plist;
				LD_RUNPATH_SEARCH_PATHS = "$(inherited) @executable_path/Frameworks";
				PRODUCT_BUNDLE_IDENTIFIER = com.vkotsiuba.StoreSearch;
				PRODUCT_NAME = "$(TARGET_NAME)";
			};
			name = Release;
		};
/* End XCBuildConfiguration section */

/* Begin XCConfigurationList section */
		512C56591C635F0C0015F2DB /* Build configuration list for PBXProject "StoreSearch" */ = {
			isa = XCConfigurationList;
			buildConfigurations = (
				512C566E1C635F0C0015F2DB /* Debug */,
				512C566F1C635F0C0015F2DB /* Release */,
			);
			defaultConfigurationIsVisible = 0;
			defaultConfigurationName = Release;
		};
		512C56701C635F0C0015F2DB /* Build configuration list for PBXNativeTarget "StoreSearch" */ = {
			isa = XCConfigurationList;
			buildConfigurations = (
				512C56711C635F0C0015F2DB /* Debug */,
				512C56721C635F0C0015F2DB /* Release */,
			);
			defaultConfigurationIsVisible = 0;
			defaultConfigurationName = Release;
		};
/* End XCConfigurationList section */
	};
	rootObject = 512C56561C635F0C0015F2DB /* Project object */;
}
